
Microsoft Visual Studio Solution File, Format Version 12.00
# Visual Studio Version 16
VisualStudioVersion = 16.0.29920.165
MinimumVisualStudioVersion = 10.0.40219.1
Project("{8BC9CEB8-8B4A-11D0-8D11-00A0C91BC942}") = "02_Lesson", "02_Lesson\02_Lesson.vcxproj", "{FD27C1DF-4EEC-409A-AAC7-819CFD6F4A0E}"
EndProject
Project("{8BC9CEB8-8B4A-11D0-8D11-00A0C91BC942}") = "03_Lesson", "03_Lesson\03_Lesson.vcxproj", "{28D62241-A56F-45F4-9C65-365459805D29}"
EndProject
Project("{8BC9CEB8-8B4A-11D0-8D11-00A0C91BC942}") = "04_Lesson", "04_Lesson\04_Lesson.vcxproj", "{4C3B7EB2-DB53-44D7-884C-BF55D7BD8E64}"
EndProject
Project("{8BC9CEB8-8B4A-11D0-8D11-00A0C91BC942}") = "Cpp_Practices", "Cpp_Practices\Cpp_Practices.vcxproj", "{F169DD8B-E2B1-4387-9DA6-BA67D48F8FEC}"
EndProject
Project("{8BC9CEB8-8B4A-11D0-8D11-00A0C91BC942}") = "HackerRank", "HackerRank\HackerRank.vcxproj", "{3545B80E-D1B9-4499-B22B-B7FFFFBC6722}"
EndProject
Project("{8BC9CEB8-8B4A-11D0-8D11-00A0C91BC942}") = "Design Patterns", "Design Patterns\Design Patterns.vcxproj", "{5D19B090-8019-4A08-9E5D-116A07AF19CE}"
EndProject
Project("{8BC9CEB8-8B4A-11D0-8D11-00A0C91BC942}") = "Data_Structures", "Data_Structures\Data_Structures.vcxproj", "{533444FF-0349-4310-AF69-49AC9C9B1AE7}"
EndProject
Project("{8BC9CEB8-8B4A-11D0-8D11-00A0C91BC942}") = "Sorting", "Sorting\Sorting.vcxproj", "{8CEB35FE-83FD-492E-B352-C6AE2483DC55}"
EndProject
Project("{8BC9CEB8-8B4A-11D0-8D11-00A0C91BC942}") = "Searching", "Searching\Searching.vcxproj", "{3299E519-3E1C-4018-8BAC-C4E1B4967CB5}"
EndProject
Project("{8BC9CEB8-8B4A-11D0-8D11-00A0C91BC942}") = "Concurrency", "Concurrency\Concurrency.vcxproj", "{8EDF7D8A-2A87-44E7-ADD7-FA094A067F80}"
EndProject
Project("{8BC9CEB8-8B4A-11D0-8D11-00A0C91BC942}") = "Object_Oriented_Programming", "Object_Oriented_Programming\Object_Oriented_Programming.vcxproj", "{41C9D24F-4AA5-424D-AB39-A0A9A7C8DB55}"
EndProject
Project("{8BC9CEB8-8B4A-11D0-8D11-00A0C91BC942}") = "SOLID", "SOLID\SOLID.vcxproj", "{2FA564C1-19C8-45B7-B363-F2EC34113F5D}"
EndProject
Project("{8BC9CEB8-8B4A-11D0-8D11-00A0C91BC942}") = "Containers", "Containers\Containers.vcxproj", "{0CDE8C40-F73D-4104-AF53-A79737B3A41D}"
EndProject
Project("{8BC9CEB8-8B4A-11D0-8D11-00A0C91BC942}") = "STL", "STL\STL.vcxproj", "{4802A810-0BEE-45D5-9019-CFC814132E87}"
EndProject
Project("{8BC9CEB8-8B4A-11D0-8D11-00A0C91BC942}") = "Design_Patterns_Builder", "Design_Patterns_Builder\Design_Patterns_Builder.vcxproj", "{536604C5-669B-4D7B-80C4-95EC68F4AC5E}"
EndProject
Global
	GlobalSection(SolutionConfigurationPlatforms) = preSolution
		Debug|x64 = Debug|x64
		Debug|x86 = Debug|x86
		Release|x64 = Release|x64
		Release|x86 = Release|x86
	EndGlobalSection
	GlobalSection(ProjectConfigurationPlatforms) = postSolution
		{FD27C1DF-4EEC-409A-AAC7-819CFD6F4A0E}.Debug|x64.ActiveCfg = Debug|x64
		{FD27C1DF-4EEC-409A-AAC7-819CFD6F4A0E}.Debug|x64.Build.0 = Debug|x64
		{FD27C1DF-4EEC-409A-AAC7-819CFD6F4A0E}.Debug|x86.ActiveCfg = Debug|Win32
		{FD27C1DF-4EEC-409A-AAC7-819CFD6F4A0E}.Debug|x86.Build.0 = Debug|Win32
		{FD27C1DF-4EEC-409A-AAC7-819CFD6F4A0E}.Release|x64.ActiveCfg = Release|x64
		{FD27C1DF-4EEC-409A-AAC7-819CFD6F4A0E}.Release|x64.Build.0 = Release|x64
		{FD27C1DF-4EEC-409A-AAC7-819CFD6F4A0E}.Release|x86.ActiveCfg = Release|Win32
		{FD27C1DF-4EEC-409A-AAC7-819CFD6F4A0E}.Release|x86.Build.0 = Release|Win32
		{28D62241-A56F-45F4-9C65-365459805D29}.Debug|x64.ActiveCfg = Debug|x64
		{28D62241-A56F-45F4-9C65-365459805D29}.Debug|x64.Build.0 = Debug|x64
		{28D62241-A56F-45F4-9C65-365459805D29}.Debug|x86.ActiveCfg = Debug|Win32
		{28D62241-A56F-45F4-9C65-365459805D29}.Debug|x86.Build.0 = Debug|Win32
		{28D62241-A56F-45F4-9C65-365459805D29}.Release|x64.ActiveCfg = Release|x64
		{28D62241-A56F-45F4-9C65-365459805D29}.Release|x64.Build.0 = Release|x64
		{28D62241-A56F-45F4-9C65-365459805D29}.Release|x86.ActiveCfg = Release|Win32
		{28D62241-A56F-45F4-9C65-365459805D29}.Release|x86.Build.0 = Release|Win32
		{4C3B7EB2-DB53-44D7-884C-BF55D7BD8E64}.Debug|x64.ActiveCfg = Debug|x64
		{4C3B7EB2-DB53-44D7-884C-BF55D7BD8E64}.Debug|x64.Build.0 = Debug|x64
		{4C3B7EB2-DB53-44D7-884C-BF55D7BD8E64}.Debug|x86.ActiveCfg = Debug|Win32
		{4C3B7EB2-DB53-44D7-884C-BF55D7BD8E64}.Debug|x86.Build.0 = Debug|Win32
		{4C3B7EB2-DB53-44D7-884C-BF55D7BD8E64}.Release|x64.ActiveCfg = Release|x64
		{4C3B7EB2-DB53-44D7-884C-BF55D7BD8E64}.Release|x64.Build.0 = Release|x64
		{4C3B7EB2-DB53-44D7-884C-BF55D7BD8E64}.Release|x86.ActiveCfg = Release|Win32
		{4C3B7EB2-DB53-44D7-884C-BF55D7BD8E64}.Release|x86.Build.0 = Release|Win32
		{F169DD8B-E2B1-4387-9DA6-BA67D48F8FEC}.Debug|x64.ActiveCfg = Debug|x64
		{F169DD8B-E2B1-4387-9DA6-BA67D48F8FEC}.Debug|x64.Build.0 = Debug|x64
		{F169DD8B-E2B1-4387-9DA6-BA67D48F8FEC}.Debug|x86.ActiveCfg = Debug|Win32
		{F169DD8B-E2B1-4387-9DA6-BA67D48F8FEC}.Debug|x86.Build.0 = Debug|Win32
		{F169DD8B-E2B1-4387-9DA6-BA67D48F8FEC}.Release|x64.ActiveCfg = Release|x64
		{F169DD8B-E2B1-4387-9DA6-BA67D48F8FEC}.Release|x64.Build.0 = Release|x64
		{F169DD8B-E2B1-4387-9DA6-BA67D48F8FEC}.Release|x86.ActiveCfg = Release|Win32
		{F169DD8B-E2B1-4387-9DA6-BA67D48F8FEC}.Release|x86.Build.0 = Release|Win32
		{3545B80E-D1B9-4499-B22B-B7FFFFBC6722}.Debug|x64.ActiveCfg = Debug|x64
		{3545B80E-D1B9-4499-B22B-B7FFFFBC6722}.Debug|x64.Build.0 = Debug|x64
		{3545B80E-D1B9-4499-B22B-B7FFFFBC6722}.Debug|x86.ActiveCfg = Debug|Win32
		{3545B80E-D1B9-4499-B22B-B7FFFFBC6722}.Debug|x86.Build.0 = Debug|Win32
		{3545B80E-D1B9-4499-B22B-B7FFFFBC6722}.Release|x64.ActiveCfg = Release|x64
		{3545B80E-D1B9-4499-B22B-B7FFFFBC6722}.Release|x64.Build.0 = Release|x64
		{3545B80E-D1B9-4499-B22B-B7FFFFBC6722}.Release|x86.ActiveCfg = Release|Win32
		{3545B80E-D1B9-4499-B22B-B7FFFFBC6722}.Release|x86.Build.0 = Release|Win32
		{5D19B090-8019-4A08-9E5D-116A07AF19CE}.Debug|x64.ActiveCfg = Debug|x64
		{5D19B090-8019-4A08-9E5D-116A07AF19CE}.Debug|x64.Build.0 = Debug|x64
		{5D19B090-8019-4A08-9E5D-116A07AF19CE}.Debug|x86.ActiveCfg = Debug|Win32
		{5D19B090-8019-4A08-9E5D-116A07AF19CE}.Debug|x86.Build.0 = Debug|Win32
		{5D19B090-8019-4A08-9E5D-116A07AF19CE}.Release|x64.ActiveCfg = Release|x64
		{5D19B090-8019-4A08-9E5D-116A07AF19CE}.Release|x64.Build.0 = Release|x64
		{5D19B090-8019-4A08-9E5D-116A07AF19CE}.Release|x86.ActiveCfg = Release|Win32
		{5D19B090-8019-4A08-9E5D-116A07AF19CE}.Release|x86.Build.0 = Release|Win32
		{533444FF-0349-4310-AF69-49AC9C9B1AE7}.Debug|x64.ActiveCfg = Debug|x64
		{533444FF-0349-4310-AF69-49AC9C9B1AE7}.Debug|x64.Build.0 = Debug|x64
		{533444FF-0349-4310-AF69-49AC9C9B1AE7}.Debug|x86.ActiveCfg = Debug|Win32
		{533444FF-0349-4310-AF69-49AC9C9B1AE7}.Debug|x86.Build.0 = Debug|Win32
		{533444FF-0349-4310-AF69-49AC9C9B1AE7}.Release|x64.ActiveCfg = Release|x64
		{533444FF-0349-4310-AF69-49AC9C9B1AE7}.Release|x64.Build.0 = Release|x64
		{533444FF-0349-4310-AF69-49AC9C9B1AE7}.Release|x86.ActiveCfg = Release|Win32
		{533444FF-0349-4310-AF69-49AC9C9B1AE7}.Release|x86.Build.0 = Release|Win32
		{8CEB35FE-83FD-492E-B352-C6AE2483DC55}.Debug|x64.ActiveCfg = Debug|x64
		{8CEB35FE-83FD-492E-B352-C6AE2483DC55}.Debug|x64.Build.0 = Debug|x64
		{8CEB35FE-83FD-492E-B352-C6AE2483DC55}.Debug|x86.ActiveCfg = Debug|Win32
		{8CEB35FE-83FD-492E-B352-C6AE2483DC55}.Debug|x86.Build.0 = Debug|Win32
		{8CEB35FE-83FD-492E-B352-C6AE2483DC55}.Release|x64.ActiveCfg = Release|x64
		{8CEB35FE-83FD-492E-B352-C6AE2483DC55}.Release|x64.Build.0 = Release|x64
		{8CEB35FE-83FD-492E-B352-C6AE2483DC55}.Release|x86.ActiveCfg = Release|Win32
		{8CEB35FE-83FD-492E-B352-C6AE2483DC55}.Release|x86.Build.0 = Release|Win32
		{3299E519-3E1C-4018-8BAC-C4E1B4967CB5}.Debug|x64.ActiveCfg = Debug|x64
		{3299E519-3E1C-4018-8BAC-C4E1B4967CB5}.Debug|x64.Build.0 = Debug|x64
		{3299E519-3E1C-4018-8BAC-C4E1B4967CB5}.Debug|x86.ActiveCfg = Debug|Win32
		{3299E519-3E1C-4018-8BAC-C4E1B4967CB5}.Debug|x86.Build.0 = Debug|Win32
		{3299E519-3E1C-4018-8BAC-C4E1B4967CB5}.Release|x64.ActiveCfg = Release|x64
		{3299E519-3E1C-4018-8BAC-C4E1B4967CB5}.Release|x64.Build.0 = Release|x64
		{3299E519-3E1C-4018-8BAC-C4E1B4967CB5}.Release|x86.ActiveCfg = Release|Win32
		{3299E519-3E1C-4018-8BAC-C4E1B4967CB5}.Release|x86.Build.0 = Release|Win32
		{8EDF7D8A-2A87-44E7-ADD7-FA094A067F80}.Debug|x64.ActiveCfg = Debug|x64
		{8EDF7D8A-2A87-44E7-ADD7-FA094A067F80}.Debug|x64.Build.0 = Debug|x64
		{8EDF7D8A-2A87-44E7-ADD7-FA094A067F80}.Debug|x86.ActiveCfg = Debug|Win32
		{8EDF7D8A-2A87-44E7-ADD7-FA094A067F80}.Debug|x86.Build.0 = Debug|Win32
		{8EDF7D8A-2A87-44E7-ADD7-FA094A067F80}.Release|x64.ActiveCfg = Release|x64
		{8EDF7D8A-2A87-44E7-ADD7-FA094A067F80}.Release|x64.Build.0 = Release|x64
		{8EDF7D8A-2A87-44E7-ADD7-FA094A067F80}.Release|x86.ActiveCfg = Release|Win32
		{8EDF7D8A-2A87-44E7-ADD7-FA094A067F80}.Release|x86.Build.0 = Release|Win32
		{41C9D24F-4AA5-424D-AB39-A0A9A7C8DB55}.Debug|x64.ActiveCfg = Debug|x64
		{41C9D24F-4AA5-424D-AB39-A0A9A7C8DB55}.Debug|x64.Build.0 = Debug|x64
		{41C9D24F-4AA5-424D-AB39-A0A9A7C8DB55}.Debug|x86.ActiveCfg = Debug|Win32
		{41C9D24F-4AA5-424D-AB39-A0A9A7C8DB55}.Debug|x86.Build.0 = Debug|Win32
		{41C9D24F-4AA5-424D-AB39-A0A9A7C8DB55}.Release|x64.ActiveCfg = Release|x64
		{41C9D24F-4AA5-424D-AB39-A0A9A7C8DB55}.Release|x64.Build.0 = Release|x64
		{41C9D24F-4AA5-424D-AB39-A0A9A7C8DB55}.Release|x86.ActiveCfg = Release|Win32
		{41C9D24F-4AA5-424D-AB39-A0A9A7C8DB55}.Release|x86.Build.0 = Release|Win32
		{2FA564C1-19C8-45B7-B363-F2EC34113F5D}.Debug|x64.ActiveCfg = Debug|x64
		{2FA564C1-19C8-45B7-B363-F2EC34113F5D}.Debug|x64.Build.0 = Debug|x64
		{2FA564C1-19C8-45B7-B363-F2EC34113F5D}.Debug|x86.ActiveCfg = Debug|Win32
		{2FA564C1-19C8-45B7-B363-F2EC34113F5D}.Debug|x86.Build.0 = Debug|Win32
		{2FA564C1-19C8-45B7-B363-F2EC34113F5D}.Release|x64.ActiveCfg = Release|x64
		{2FA564C1-19C8-45B7-B363-F2EC34113F5D}.Release|x64.Build.0 = Release|x64
		{2FA564C1-19C8-45B7-B363-F2EC34113F5D}.Release|x86.ActiveCfg = Release|Win32
		{2FA564C1-19C8-45B7-B363-F2EC34113F5D}.Release|x86.Build.0 = Release|Win32
		{0CDE8C40-F73D-4104-AF53-A79737B3A41D}.Debug|x64.ActiveCfg = Debug|x64
		{0CDE8C40-F73D-4104-AF53-A79737B3A41D}.Debug|x64.Build.0 = Debug|x64
		{0CDE8C40-F73D-4104-AF53-A79737B3A41D}.Debug|x86.ActiveCfg = Debug|Win32
		{0CDE8C40-F73D-4104-AF53-A79737B3A41D}.Debug|x86.Build.0 = Debug|Win32
		{0CDE8C40-F73D-4104-AF53-A79737B3A41D}.Release|x64.ActiveCfg = Release|x64
		{0CDE8C40-F73D-4104-AF53-A79737B3A41D}.Release|x64.Build.0 = Release|x64
		{0CDE8C40-F73D-4104-AF53-A79737B3A41D}.Release|x86.ActiveCfg = Release|Win32
		{0CDE8C40-F73D-4104-AF53-A79737B3A41D}.Release|x86.Build.0 = Release|Win32
		{4802A810-0BEE-45D5-9019-CFC814132E87}.Debug|x64.ActiveCfg = Debug|x64
		{4802A810-0BEE-45D5-9019-CFC814132E87}.Debug|x64.Build.0 = Debug|x64
		{4802A810-0BEE-45D5-9019-CFC814132E87}.Debug|x86.ActiveCfg = Debug|Win32
		{4802A810-0BEE-45D5-9019-CFC814132E87}.Debug|x86.Build.0 = Debug|Win32
		{4802A810-0BEE-45D5-9019-CFC814132E87}.Release|x64.ActiveCfg = Release|x64
		{4802A810-0BEE-45D5-9019-CFC814132E87}.Release|x64.Build.0 = Release|x64
		{4802A810-0BEE-45D5-9019-CFC814132E87}.Release|x86.ActiveCfg = Release|Win32
		{4802A810-0BEE-45D5-9019-CFC814132E87}.Release|x86.Build.0 = Release|Win32
		{536604C5-669B-4D7B-80C4-95EC68F4AC5E}.Debug|x64.ActiveCfg = Debug|x64
		{536604C5-669B-4D7B-80C4-95EC68F4AC5E}.Debug|x64.Build.0 = Debug|x64
		{536604C5-669B-4D7B-80C4-95EC68F4AC5E}.Debug|x86.ActiveCfg = Debug|Win32
		{536604C5-669B-4D7B-80C4-95EC68F4AC5E}.Debug|x86.Build.0 = Debug|Win32
		{536604C5-669B-4D7B-80C4-95EC68F4AC5E}.Release|x64.ActiveCfg = Release|x64
		{536604C5-669B-4D7B-80C4-95EC68F4AC5E}.Release|x64.Build.0 = Release|x64
		{536604C5-669B-4D7B-80C4-95EC68F4AC5E}.Release|x86.ActiveCfg = Release|Win32
		{536604C5-669B-4D7B-80C4-95EC68F4AC5E}.Release|x86.Build.0 = Release|Win32
	EndGlobalSection
	GlobalSection(SolutionProperties) = preSolution
		HideSolutionNode = FALSE
	EndGlobalSection
	GlobalSection(ExtensibilityGlobals) = postSolution
		SolutionGuid = {985062BA-15BE-46B4-8068-65B3AE43794E}
	EndGlobalSection
EndGlobal
