
Microsoft Visual Studio Solution File, Format Version 12.00
# Visual Studio Version 16
VisualStudioVersion = 16.0.29920.165
MinimumVisualStudioVersion = 10.0.40219.1
Project("{8BC9CEB8-8B4A-11D0-8D11-00A0C91BC942}") = "02_Lesson", "02_Lesson\02_Lesson.vcxproj", "{FD27C1DF-4EEC-409A-AAC7-819CFD6F4A0E}"
EndProject
Project("{8BC9CEB8-8B4A-11D0-8D11-00A0C91BC942}") = "03_Lesson", "03_Lesson\03_Lesson.vcxproj", "{28D62241-A56F-45F4-9C65-365459805D29}"
EndProject
Global
	GlobalSection(SolutionConfigurationPlatforms) = preSolution
		Debug|x64 = Debug|x64
		Debug|x86 = Debug|x86
		Release|x64 = Release|x64
		Release|x86 = Release|x86
	EndGlobalSection
	GlobalSection(ProjectConfigurationPlatforms) = postSolution
		{FD27C1DF-4EEC-409A-AAC7-819CFD6F4A0E}.Debug|x64.ActiveCfg = Debug|x64
		{FD27C1DF-4EEC-409A-AAC7-819CFD6F4A0E}.Debug|x64.Build.0 = Debug|x64
		{FD27C1DF-4EEC-409A-AAC7-819CFD6F4A0E}.Debug|x86.ActiveCfg = Debug|Win32
		{FD27C1DF-4EEC-409A-AAC7-819CFD6F4A0E}.Debug|x86.Build.0 = Debug|Win32
		{FD27C1DF-4EEC-409A-AAC7-819CFD6F4A0E}.Release|x64.ActiveCfg = Release|x64
		{FD27C1DF-4EEC-409A-AAC7-819CFD6F4A0E}.Release|x64.Build.0 = Release|x64
		{FD27C1DF-4EEC-409A-AAC7-819CFD6F4A0E}.Release|x86.ActiveCfg = Release|Win32
		{FD27C1DF-4EEC-409A-AAC7-819CFD6F4A0E}.Release|x86.Build.0 = Release|Win32
		{28D62241-A56F-45F4-9C65-365459805D29}.Debug|x64.ActiveCfg = Debug|x64
		{28D62241-A56F-45F4-9C65-365459805D29}.Debug|x64.Build.0 = Debug|x64
		{28D62241-A56F-45F4-9C65-365459805D29}.Debug|x86.ActiveCfg = Debug|Win32
		{28D62241-A56F-45F4-9C65-365459805D29}.Debug|x86.Build.0 = Debug|Win32
		{28D62241-A56F-45F4-9C65-365459805D29}.Release|x64.ActiveCfg = Release|x64
		{28D62241-A56F-45F4-9C65-365459805D29}.Release|x64.Build.0 = Release|x64
		{28D62241-A56F-45F4-9C65-365459805D29}.Release|x86.ActiveCfg = Release|Win32
		{28D62241-A56F-45F4-9C65-365459805D29}.Release|x86.Build.0 = Release|Win32
	EndGlobalSection
	GlobalSection(SolutionProperties) = preSolution
		HideSolutionNode = FALSE
	EndGlobalSection
	GlobalSection(ExtensibilityGlobals) = postSolution
		SolutionGuid = {985062BA-15BE-46B4-8068-65B3AE43794E}
	EndGlobalSection
EndGlobal
