<?xml version="1.0" encoding="utf-8"?>
<Project ToolsVersion="4.0" xmlns="http://schemas.microsoft.com/developer/msbuild/2003">
  <ItemGroup>
    <Filter Include="Source Files">
      <UniqueIdentifier>{4FC737F1-C7A5-4376-A066-2A32D752A2FF}</UniqueIdentifier>
      <Extensions>cpp;c;cc;cxx;c++;def;odl;idl;hpj;bat;asm;asmx</Extensions>
    </Filter>
    <Filter Include="Header Files">
      <UniqueIdentifier>{93995380-89BD-4b04-88EB-625FBE52EBFB}</UniqueIdentifier>
      <Extensions>h;hh;hpp;hxx;h++;hm;inl;inc;ipp;xsd</Extensions>
    </Filter>
    <Filter Include="Resource Files">
      <UniqueIdentifier>{713e9102-11a5-4a22-b83f-e31776ccdce7}</UniqueIdentifier>
    </Filter>
  </ItemGroup>
  <ItemGroup>
    <ClInclude Include="ValueCategory.h">
      <Filter>Header Files</Filter>
    </ClInclude>
  </ItemGroup>
  <ItemGroup>
    <ClCompile Include="main.cpp">
      <Filter>Source Files</Filter>
    </ClCompile>
  </ItemGroup>
  <ItemGroup>
    <Text Include="1_Enum_Classes.txt">
      <Filter>Resource Files</Filter>
    </Text>
    <Text Include="2_Type_Conversion.txt">
      <Filter>Resource Files</Filter>
    </Text>
    <Text Include="3_Null_Pointers.txt">
      <Filter>Resource Files</Filter>
    </Text>
    <Text Include="4_Initialization.txt">
      <Filter>Resource Files</Filter>
    </Text>
    <Text Include="5_Auto_Type_Deduction.txt">
      <Filter>Resource Files</Filter>
    </Text>
    <Text Include="6_References.txt">
      <Filter>Resource Files</Filter>
    </Text>
    <Text Include="7_Value_Category.txt">
      <Filter>Resource Files</Filter>
    </Text>
    <Text Include="7_Value_Category1.txt">
      <Filter>Resource Files</Filter>
    </Text>
  </ItemGroup>
</Project>