<?xml version="1.0" encoding="utf-8"?>
<Project ToolsVersion="4.0" xmlns="http://schemas.microsoft.com/developer/msbuild/2003">
  <ItemGroup>
    <Filter Include="Source Files">
      <UniqueIdentifier>{4FC737F1-C7A5-4376-A066-2A32D752A2FF}</UniqueIdentifier>
      <Extensions>cpp;c;cc;cxx;c++;def;odl;idl;hpj;bat;asm;asmx</Extensions>
    </Filter>
    <Filter Include="Header Files">
      <UniqueIdentifier>{93995380-89BD-4b04-88EB-625FBE52EBFB}</UniqueIdentifier>
      <Extensions>h;hh;hpp;hxx;h++;hm;inl;inc;ipp;xsd</Extensions>
    </Filter>
    <Filter Include="Resource Files">
      <UniqueIdentifier>{67DA6AB6-F800-4c08-8B7A-83BB121AAD01}</UniqueIdentifier>
      <Extensions>rc;ico;cur;bmp;dlg;rc2;rct;bin;rgs;gif;jpg;jpeg;jpe;resx;tiff;tif;png;wav;mfcribbon-ms</Extensions>
    </Filter>
  </ItemGroup>
  <ItemGroup>
    <ClCompile Include="Function_Overloading.cpp">
      <Filter>Source Files</Filter>
    </ClCompile>
    <ClCompile Include="Operator_Overloading.cpp">
      <Filter>Source Files</Filter>
    </ClCompile>
    <ClCompile Include="Virtual_Functions.cpp">
      <Filter>Source Files</Filter>
    </ClCompile>
    <ClCompile Include="Virtual_Destructor_Constructor.cpp">
      <Filter>Source Files</Filter>
    </ClCompile>
    <ClCompile Include="Virtual_Copy_Constructor.cpp">
      <Filter>Source Files</Filter>
    </ClCompile>
    <ClCompile Include="Inheritance.cpp">
      <Filter>Source Files</Filter>
    </ClCompile>
    <ClCompile Include="Smart_Pointers.cpp">
      <Filter>Source Files</Filter>
    </ClCompile>
    <ClCompile Include="Templates.cpp">
      <Filter>Source Files</Filter>
    </ClCompile>
    <ClCompile Include="Forward_Declaration.cpp">
      <Filter>Source Files</Filter>
    </ClCompile>
    <ClCompile Include="String_Implementation.cpp">
      <Filter>Source Files</Filter>
    </ClCompile>
    <ClCompile Include="Vector_Implementation.cpp">
      <Filter>Source Files</Filter>
    </ClCompile>
    <ClCompile Include="Cpp_Features.cpp">
      <Filter>Source Files</Filter>
    </ClCompile>
  </ItemGroup>
  <ItemGroup>
    <Text Include="Virtual_Functions.txt">
      <Filter>Resource Files</Filter>
    </Text>
    <Text Include="Operator_Overloading.txt">
      <Filter>Resource Files</Filter>
    </Text>
    <Text Include="Function_Overlaoding.txt">
      <Filter>Resource Files</Filter>
    </Text>
    <Text Include="Virtual_Destructor_Constructor.txt">
      <Filter>Resource Files</Filter>
    </Text>
    <Text Include="Virtual_Copy_Constructor.txt">
      <Filter>Resource Files</Filter>
    </Text>
    <Text Include="Inheritance.txt">
      <Filter>Resource Files</Filter>
    </Text>
    <Text Include="Smart_Pointers.txt">
      <Filter>Resource Files</Filter>
    </Text>
    <Text Include="Templates.txt">
      <Filter>Resource Files</Filter>
    </Text>
    <Text Include="Forward_Declaration.txt">
      <Filter>Resource Files</Filter>
    </Text>
    <Text Include="Default_Arguments.txt">
      <Filter>Resource Files</Filter>
    </Text>
    <Text Include="Decltype_Type_Deduction.txt">
      <Filter>Resource Files</Filter>
    </Text>
    <Text Include="..\03_Lesson\1_Undefined_Behaviour.txt">
      <Filter>Resource Files</Filter>
    </Text>
    <Text Include="..\03_Lesson\2_RValue_LValue_References.txt">
      <Filter>Resource Files</Filter>
    </Text>
    <Text Include="..\03_Lesson\3_Call_By_Value_Reference.txt">
      <Filter>Resource Files</Filter>
    </Text>
    <Text Include="..\03_Lesson\4_Return_Value.txt">
      <Filter>Resource Files</Filter>
    </Text>
    <Text Include="..\03_Lesson\5_Pointers.txt">
      <Filter>Resource Files</Filter>
    </Text>
    <Text Include="..\03_Lesson\6_Assignment.txt">
      <Filter>Resource Files</Filter>
    </Text>
    <Text Include="..\03_Lesson\7_Default_Arguments.txt">
      <Filter>Resource Files</Filter>
    </Text>
    <Text Include="..\02_Lesson\1_Enum_Classes.txt">
      <Filter>Resource Files</Filter>
    </Text>
    <Text Include="..\02_Lesson\2_Type_Conversion.txt">
      <Filter>Resource Files</Filter>
    </Text>
    <Text Include="..\02_Lesson\3_Null_Pointers.txt">
      <Filter>Resource Files</Filter>
    </Text>
    <Text Include="..\02_Lesson\4_Initialization.txt">
      <Filter>Resource Files</Filter>
    </Text>
    <Text Include="..\02_Lesson\5_Auto_Type_Deduction.txt">
      <Filter>Resource Files</Filter>
    </Text>
    <Text Include="..\02_Lesson\6_References.txt">
      <Filter>Resource Files</Filter>
    </Text>
    <Text Include="..\02_Lesson\7_Value_Category.txt">
      <Filter>Resource Files</Filter>
    </Text>
  </ItemGroup>
  <ItemGroup>
    <ClInclude Include="Function_Overloading.h">
      <Filter>Header Files</Filter>
    </ClInclude>
    <ClInclude Include="..\02_Lesson\ValueCategory.h">
      <Filter>Header Files</Filter>
    </ClInclude>
  </ItemGroup>
</Project>