<?xml version="1.0" encoding="utf-8"?>
<Project ToolsVersion="4.0" xmlns="http://schemas.microsoft.com/developer/msbuild/2003">
  <ItemGroup>
    <Filter Include="Source Files">
      <UniqueIdentifier>{4FC737F1-C7A5-4376-A066-2A32D752A2FF}</UniqueIdentifier>
      <Extensions>cpp;c;cc;cxx;c++;def;odl;idl;hpj;bat;asm;asmx</Extensions>
    </Filter>
    <Filter Include="Header Files">
      <UniqueIdentifier>{93995380-89BD-4b04-88EB-625FBE52EBFB}</UniqueIdentifier>
      <Extensions>h;hh;hpp;hxx;h++;hm;inl;inc;ipp;xsd</Extensions>
    </Filter>
    <Filter Include="Resource Files">
      <UniqueIdentifier>{67DA6AB6-F800-4c08-8B7A-83BB121AAD01}</UniqueIdentifier>
      <Extensions>rc;ico;cur;bmp;dlg;rc2;rct;bin;rgs;gif;jpg;jpeg;jpe;resx;tiff;tif;png;wav;mfcribbon-ms</Extensions>
    </Filter>
  </ItemGroup>
  <ItemGroup>
    <ClCompile Include="Cpp_Features.cpp">
      <Filter>Source Files</Filter>
    </ClCompile>
    <ClCompile Include="General_Features.cpp">
      <Filter>Source Files</Filter>
    </ClCompile>
    <ClCompile Include="Cpp_Idioms.cpp">
      <Filter>Source Files</Filter>
    </ClCompile>
  </ItemGroup>
  <ItemGroup>
    <Text Include="11_Undefined_Behaviour.txt">
      <Filter>Resource Files</Filter>
    </Text>
    <Text Include="14_Type_Conversion.txt">
      <Filter>Resource Files</Filter>
    </Text>
    <Text Include="15_Call_By_Value_Reference.txt">
      <Filter>Resource Files</Filter>
    </Text>
    <Text Include="18_Return_Value.txt">
      <Filter>Resource Files</Filter>
    </Text>
    <Text Include="19_Auto_Type_Deduction.txt">
      <Filter>Resource Files</Filter>
    </Text>
    <Text Include="20_Pointers.txt">
      <Filter>Resource Files</Filter>
    </Text>
    <Text Include="22_References.txt">
      <Filter>Resource Files</Filter>
    </Text>
    <Text Include="23_Default_Arguments.txt">
      <Filter>Resource Files</Filter>
    </Text>
    <Text Include="24_Value_Category.txt">
      <Filter>Resource Files</Filter>
    </Text>
    <Text Include="25_Classes.txt">
      <Filter>Resource Files</Filter>
    </Text>
    <Text Include="26_Forward_Declaration.txt">
      <Filter>Resource Files</Filter>
    </Text>
    <Text Include="27_Function_Overloading.txt">
      <Filter>Resource Files</Filter>
    </Text>
    <Text Include="28_Inheritance.txt">
      <Filter>Resource Files</Filter>
    </Text>
    <Text Include="29_Operator_Overloading.txt">
      <Filter>Resource Files</Filter>
    </Text>
    <Text Include="30_Smart_Pointers.txt">
      <Filter>Resource Files</Filter>
    </Text>
    <Text Include="31_Templates.txt">
      <Filter>Resource Files</Filter>
    </Text>
    <Text Include="32_Decltype_Type_Deduction.txt">
      <Filter>Resource Files</Filter>
    </Text>
    <Text Include="33_Virtual_Copy_Constructor.txt">
      <Filter>Resource Files</Filter>
    </Text>
    <Text Include="34_Virtual_Destructor_Constructor.txt">
      <Filter>Resource Files</Filter>
    </Text>
    <Text Include="35_Virtual_Functions.txt">
      <Filter>Resource Files</Filter>
    </Text>
    <Text Include="12_Enum_Types_Classes.txt">
      <Filter>Resource Files</Filter>
    </Text>
    <Text Include="37_Constructors_Destructors.txt">
      <Filter>Resource Files</Filter>
    </Text>
    <Text Include="00_Object_Oriented_Programming.txt">
      <Filter>Resource Files</Filter>
    </Text>
    <Text Include="17_Initialization_Assignment.txt">
      <Filter>Resource Files</Filter>
    </Text>
    <Text Include="General_Features.txt">
      <Filter>Resource Files</Filter>
    </Text>
    <Text Include="36_Cpp_Idioms.txt">
      <Filter>Resource Files</Filter>
    </Text>
    <Text Include="13_Static_Members.txt">
      <Filter>Resource Files</Filter>
    </Text>
    <Text Include="16_Range_Based_Loops.txt">
      <Filter>Resource Files</Filter>
    </Text>
    <Text Include="15_Cpp_Lesson.txt">
      <Filter>Resource Files</Filter>
    </Text>
    <Text Include="38_STL.txt">
      <Filter>Resource Files</Filter>
    </Text>
    <Text Include="39_Copy_Move_Func.txt">
      <Filter>Resource Files</Filter>
    </Text>
  </ItemGroup>
  <ItemGroup>
    <ClInclude Include="Value_Category.h">
      <Filter>Header Files</Filter>
    </ClInclude>
    <ClInclude Include="27_Function_Overloading.h">
      <Filter>Header Files</Filter>
    </ClInclude>
    <ClInclude Include="25_Classes.h">
      <Filter>Header Files</Filter>
    </ClInclude>
    <ClInclude Include="28_Inheritance.h">
      <Filter>Header Files</Filter>
    </ClInclude>
    <ClInclude Include="29_Operator_Overloading.h">
      <Filter>Header Files</Filter>
    </ClInclude>
    <ClInclude Include="General_Features.h">
      <Filter>Header Files</Filter>
    </ClInclude>
    <ClInclude Include="30_Smart_Pointers.h">
      <Filter>Header Files</Filter>
    </ClInclude>
    <ClInclude Include="31_Templates.h">
      <Filter>Header Files</Filter>
    </ClInclude>
    <ClInclude Include="Virtual_Copy_Ctor.h">
      <Filter>Header Files</Filter>
    </ClInclude>
    <ClInclude Include="Virtual_Dtor_Ctor.h">
      <Filter>Header Files</Filter>
    </ClInclude>
    <ClInclude Include="Virtual_Functions.h">
      <Filter>Header Files</Filter>
    </ClInclude>
    <ClInclude Include="String_Implementation.h">
      <Filter>Header Files</Filter>
    </ClInclude>
    <ClInclude Include="Vector_Implementation.h">
      <Filter>Header Files</Filter>
    </ClInclude>
    <ClInclude Include="36_Cpp_Idioms.h">
      <Filter>Header Files</Filter>
    </ClInclude>
    <ClInclude Include="STL.h">
      <Filter>Header Files</Filter>
    </ClInclude>
    <ClInclude Include="39_Copy_Move_Func.h">
      <Filter>Header Files</Filter>
    </ClInclude>
  </ItemGroup>
</Project>