<?xml version="1.0" encoding="utf-8"?>
<Project ToolsVersion="4.0" xmlns="http://schemas.microsoft.com/developer/msbuild/2003">
  <ItemGroup>
    <Filter Include="Source Files">
      <UniqueIdentifier>{4FC737F1-C7A5-4376-A066-2A32D752A2FF}</UniqueIdentifier>
      <Extensions>cpp;c;cc;cxx;c++;def;odl;idl;hpj;bat;asm;asmx</Extensions>
    </Filter>
    <Filter Include="Header Files">
      <UniqueIdentifier>{93995380-89BD-4b04-88EB-625FBE52EBFB}</UniqueIdentifier>
      <Extensions>h;hh;hpp;hxx;h++;hm;inl;inc;ipp;xsd</Extensions>
    </Filter>
    <Filter Include="Resource Files">
      <UniqueIdentifier>{67DA6AB6-F800-4c08-8B7A-83BB121AAD01}</UniqueIdentifier>
      <Extensions>rc;ico;cur;bmp;dlg;rc2;rct;bin;rgs;gif;jpg;jpeg;jpe;resx;tiff;tif;png;wav;mfcribbon-ms</Extensions>
    </Filter>
  </ItemGroup>
  <ItemGroup>
    <Text Include="21_Behavioral_Chain_of_Responsibility.txt">
      <Filter>Resource Files</Filter>
    </Text>
    <Text Include="22_Behavioral_Command.txt">
      <Filter>Resource Files</Filter>
    </Text>
    <Text Include="23_Behavioral_Iterator.txt">
      <Filter>Resource Files</Filter>
    </Text>
    <Text Include="24_Behavioral_Interpreter.txt">
      <Filter>Resource Files</Filter>
    </Text>
    <Text Include="25_Behavioral_Mediator.txt">
      <Filter>Resource Files</Filter>
    </Text>
    <Text Include="26_Behavioral_Memento.txt">
      <Filter>Resource Files</Filter>
    </Text>
    <Text Include="27_Behavioral_Observer.txt">
      <Filter>Resource Files</Filter>
    </Text>
    <Text Include="28_Behavioral_Visitor.txt">
      <Filter>Resource Files</Filter>
    </Text>
    <Text Include="29_Behavioral_Strategy.txt">
      <Filter>Resource Files</Filter>
    </Text>
    <Text Include="34_Structural_Decorator.txt">
      <Filter>Resource Files</Filter>
    </Text>
    <Text Include="31_Structural_Adapter.txt">
      <Filter>Resource Files</Filter>
    </Text>
    <Text Include="29_Behavioral_State.txt">
      <Filter>Resource Files</Filter>
    </Text>
    <Text Include="29_Behavioral_Template_Method.txt">
      <Filter>Resource Files</Filter>
    </Text>
    <Text Include="32_Structural_Bridge.txt">
      <Filter>Resource Files</Filter>
    </Text>
    <Text Include="33_Structural_Composite.txt">
      <Filter>Resource Files</Filter>
    </Text>
    <Text Include="35_Structural_Facade.txt">
      <Filter>Resource Files</Filter>
    </Text>
    <Text Include="36_Structural_Flyweight.txt">
      <Filter>Resource Files</Filter>
    </Text>
    <Text Include="37_Structural_Proxy.txt">
      <Filter>Resource Files</Filter>
    </Text>
    <Text Include="1_DesignPatterns.txt">
      <Filter>Resource Files</Filter>
    </Text>
    <Text Include="11_Creational_Factory_Method.txt">
      <Filter>Resource Files</Filter>
    </Text>
    <Text Include="12_Creational_Abstract_Factory.txt">
      <Filter>Resource Files</Filter>
    </Text>
    <Text Include="13_Creational_Builder.txt">
      <Filter>Resource Files</Filter>
    </Text>
    <Text Include="14_Creational_Prototype.txt">
      <Filter>Resource Files</Filter>
    </Text>
    <Text Include="15_Creational_Singleton.txt">
      <Filter>Resource Files</Filter>
    </Text>
    <Text Include="30_Behavioral_Visitor.txt">
      <Filter>Resource Files</Filter>
    </Text>
  </ItemGroup>
  <ItemGroup>
    <ClCompile Include="23_Behavioral_Iterator.cpp">
      <Filter>Source Files</Filter>
    </ClCompile>
    <ClCompile Include="34_Structural_Decorator.cpp">
      <Filter>Source Files</Filter>
    </ClCompile>
    <ClCompile Include="11_Creational_Factory_Method.cpp">
      <Filter>Source Files</Filter>
    </ClCompile>
    <ClCompile Include="12_Creational_Abstract_Factory.cpp">
      <Filter>Source Files</Filter>
    </ClCompile>
    <ClCompile Include="13_Creational_Builder.cpp">
      <Filter>Source Files</Filter>
    </ClCompile>
    <ClCompile Include="14_Creational_Prototype.cpp">
      <Filter>Source Files</Filter>
    </ClCompile>
    <ClCompile Include="15_Creational_Singleton.cpp">
      <Filter>Source Files</Filter>
    </ClCompile>
    <ClCompile Include="21_Behavioral_Chain_of_Responsibility.cpp">
      <Filter>Source Files</Filter>
    </ClCompile>
    <ClCompile Include="22_Behavioral_Command.cpp">
      <Filter>Source Files</Filter>
    </ClCompile>
    <ClCompile Include="24_Behavioral_Interpreter.cpp">
      <Filter>Source Files</Filter>
    </ClCompile>
    <ClCompile Include="25_Behavioral_Mediator.cpp">
      <Filter>Source Files</Filter>
    </ClCompile>
    <ClCompile Include="26_Behavioral_Memento.cpp">
      <Filter>Source Files</Filter>
    </ClCompile>
    <ClCompile Include="27_Behavioral_Observer.cpp">
      <Filter>Source Files</Filter>
    </ClCompile>
    <ClCompile Include="28_Behavioral_Visitor.cpp">
      <Filter>Source Files</Filter>
    </ClCompile>
    <ClCompile Include="29_Behavioral_State.cpp">
      <Filter>Source Files</Filter>
    </ClCompile>
    <ClCompile Include="29_Behavioral_Strategy.cpp">
      <Filter>Source Files</Filter>
    </ClCompile>
    <ClCompile Include="29_Behavioral_Template_Method.cpp">
      <Filter>Source Files</Filter>
    </ClCompile>
    <ClCompile Include="30_Behavioral_Visitor.cpp">
      <Filter>Source Files</Filter>
    </ClCompile>
    <ClCompile Include="32_Structural_Bridge.cpp">
      <Filter>Source Files</Filter>
    </ClCompile>
    <ClCompile Include="33_Structural_Composite.cpp">
      <Filter>Source Files</Filter>
    </ClCompile>
    <ClCompile Include="35_Structural_Facade.cpp">
      <Filter>Source Files</Filter>
    </ClCompile>
    <ClCompile Include="36_Structural_Flyweight.cpp">
      <Filter>Source Files</Filter>
    </ClCompile>
    <ClCompile Include="37_Structural_Proxy.cpp">
      <Filter>Source Files</Filter>
    </ClCompile>
    <ClCompile Include="14_Creational_Prototype_Factory.cpp">
      <Filter>Source Files</Filter>
    </ClCompile>
    <ClCompile Include="31_Structural_Adapter_Classical.cpp">
      <Filter>Source Files</Filter>
    </ClCompile>
    <ClCompile Include="31_Structural_Adapter_Pluggable.cpp">
      <Filter>Source Files</Filter>
    </ClCompile>
    <ClCompile Include="32_Structural_Bridge_PIMPL.cpp">
      <Filter>Source Files</Filter>
    </ClCompile>
  </ItemGroup>
</Project>