<?xml version="1.0" encoding="utf-8"?>
<Project ToolsVersion="4.0" xmlns="http://schemas.microsoft.com/developer/msbuild/2003">
  <ItemGroup>
    <Filter Include="Source Files">
      <UniqueIdentifier>{4FC737F1-C7A5-4376-A066-2A32D752A2FF}</UniqueIdentifier>
      <Extensions>cpp;c;cc;cxx;c++;def;odl;idl;hpj;bat;asm;asmx</Extensions>
    </Filter>
    <Filter Include="Header Files">
      <UniqueIdentifier>{93995380-89BD-4b04-88EB-625FBE52EBFB}</UniqueIdentifier>
      <Extensions>h;hh;hpp;hxx;h++;hm;inl;inc;ipp;xsd</Extensions>
    </Filter>
    <Filter Include="Resource Files">
      <UniqueIdentifier>{67DA6AB6-F800-4c08-8B7A-83BB121AAD01}</UniqueIdentifier>
      <Extensions>rc;ico;cur;bmp;dlg;rc2;rct;bin;rgs;gif;jpg;jpeg;jpe;resx;tiff;tif;png;wav;mfcribbon-ms</Extensions>
    </Filter>
  </ItemGroup>
  <ItemGroup>
    <Text Include="21_Behavioral_Chain_of_Responsibility.txt">
      <Filter>Resource Files</Filter>
    </Text>
    <Text Include="22_Behavioral_Command.txt">
      <Filter>Resource Files</Filter>
    </Text>
    <Text Include="23_Behavioral_Iterator.txt">
      <Filter>Resource Files</Filter>
    </Text>
    <Text Include="24_Behavioral_Interpreter.txt">
      <Filter>Resource Files</Filter>
    </Text>
    <Text Include="25_Behavioral_Mediator.txt">
      <Filter>Resource Files</Filter>
    </Text>
    <Text Include="26_Behavioral_Memento.txt">
      <Filter>Resource Files</Filter>
    </Text>
    <Text Include="27_Behavioral_Observer.txt">
      <Filter>Resource Files</Filter>
    </Text>
    <Text Include="28_Behavioral_Visitor.txt">
      <Filter>Resource Files</Filter>
    </Text>
    <Text Include="29_Behavioral_Strategy.txt">
      <Filter>Resource Files</Filter>
    </Text>
    <Text Include="34_Structural_Decorator.txt">
      <Filter>Resource Files</Filter>
    </Text>
    <Text Include="31_Structural_Adapter.txt">
      <Filter>Resource Files</Filter>
    </Text>
    <Text Include="29_Behavioral_State.txt">
      <Filter>Resource Files</Filter>
    </Text>
    <Text Include="29_Behavioral_Template_Method.txt">
      <Filter>Resource Files</Filter>
    </Text>
    <Text Include="32_Structural_Bridge.txt">
      <Filter>Resource Files</Filter>
    </Text>
    <Text Include="33_Structural_Composite.txt">
      <Filter>Resource Files</Filter>
    </Text>
    <Text Include="35_Structural_Facade.txt">
      <Filter>Resource Files</Filter>
    </Text>
    <Text Include="36_Structural_Flyweight.txt">
      <Filter>Resource Files</Filter>
    </Text>
    <Text Include="37_Structural_Proxy.txt">
      <Filter>Resource Files</Filter>
    </Text>
    <Text Include="1_DesignPatterns.txt">
      <Filter>Resource Files</Filter>
    </Text>
    <Text Include="11_Creational_Factory_Method.txt">
      <Filter>Resource Files</Filter>
    </Text>
    <Text Include="12_Creational_Abstract_Factory.txt">
      <Filter>Resource Files</Filter>
    </Text>
    <Text Include="13_Creational_Builder.txt">
      <Filter>Resource Files</Filter>
    </Text>
    <Text Include="14_Creational_Prototype.txt">
      <Filter>Resource Files</Filter>
    </Text>
    <Text Include="15_Creational_Singleton.txt">
      <Filter>Resource Files</Filter>
    </Text>
    <Text Include="30_Behavioral_Visitor.txt">
      <Filter>Resource Files</Filter>
    </Text>
  </ItemGroup>
  <ItemGroup>
    <ClInclude Include="12_Creational_Abstract_Factory.h">
      <Filter>Header Files</Filter>
    </ClInclude>
    <ClInclude Include="11_Creational_Factory.h">
      <Filter>Header Files</Filter>
    </ClInclude>
    <ClInclude Include="13_Creational_Builder.h">
      <Filter>Header Files</Filter>
    </ClInclude>
    <ClInclude Include="14_Creational_Prototype.h">
      <Filter>Header Files</Filter>
    </ClInclude>
    <ClInclude Include="14_Creational_Prototype_Factory.h">
      <Filter>Header Files</Filter>
    </ClInclude>
    <ClInclude Include="15_Creational_Singleton.h">
      <Filter>Header Files</Filter>
    </ClInclude>
    <ClInclude Include="21_Behavioral_Chain_of_Responsibility.h">
      <Filter>Header Files</Filter>
    </ClInclude>
    <ClInclude Include="22_Behavioral_Command.h">
      <Filter>Header Files</Filter>
    </ClInclude>
    <ClInclude Include="23_Behavioral_Iterator.h">
      <Filter>Header Files</Filter>
    </ClInclude>
    <ClInclude Include="24_Behavioral_Interpreter.h">
      <Filter>Header Files</Filter>
    </ClInclude>
    <ClInclude Include="25_Behavioral_Mediator.h">
      <Filter>Header Files</Filter>
    </ClInclude>
    <ClInclude Include="26_Behavioral_Memento.h">
      <Filter>Header Files</Filter>
    </ClInclude>
    <ClInclude Include="27_Behavioral_Observer.h">
      <Filter>Header Files</Filter>
    </ClInclude>
    <ClInclude Include="28_Behavioral_Visitor.h">
      <Filter>Header Files</Filter>
    </ClInclude>
    <ClInclude Include="29_Behavioral_State.h">
      <Filter>Header Files</Filter>
    </ClInclude>
    <ClInclude Include="29_Behavioral_Strategy.h">
      <Filter>Header Files</Filter>
    </ClInclude>
    <ClInclude Include="29_Behavioral_Template.h">
      <Filter>Header Files</Filter>
    </ClInclude>
    <ClInclude Include="30_Structural_Adapter.h">
      <Filter>Header Files</Filter>
    </ClInclude>
    <ClInclude Include="31_Structural_Bridge.h">
      <Filter>Header Files</Filter>
    </ClInclude>
    <ClInclude Include="32_Structural_Composite.h">
      <Filter>Header Files</Filter>
    </ClInclude>
    <ClInclude Include="33_Structural_Decorator.h">
      <Filter>Header Files</Filter>
    </ClInclude>
    <ClInclude Include="34_Structural_Facade.h">
      <Filter>Header Files</Filter>
    </ClInclude>
    <ClInclude Include="35_Structural_Flyweight.h">
      <Filter>Header Files</Filter>
    </ClInclude>
    <ClInclude Include="36_Structural_Proxy.h">
      <Filter>Header Files</Filter>
    </ClInclude>
  </ItemGroup>
  <ItemGroup>
    <ClCompile Include="Design_Patterns.cpp">
      <Filter>Source Files</Filter>
    </ClCompile>
  </ItemGroup>
</Project>